
Microsoft Visual Studio Solution File, Format Version 12.00
# Visual Studio Version 17
VisualStudioVersion = 17.9.34407.89
MinimumVisualStudioVersion = 10.0.40219.1
Project("{FAE04EC0-301F-11D3-BF4B-00C04F79EFBC}") = "File_Upload", "File_Upload\File_Upload.csproj", "{2A01AD8C-66BD-4D93-BF50-329819C489CB}"
EndProject
Project("{FAE04EC0-301F-11D3-BF4B-00C04F79EFBC}") = "FileUploadLibrary", "FileUploadLibrary\FileUploadLibrary.csproj", "{17C3ADF5-13A3-4A1A-8CE0-364CB1CA8A1E}"
EndProject
Global
	GlobalSection(SolutionConfigurationPlatforms) = preSolution
		Debug|Any CPU = Debug|Any CPU
		Release|Any CPU = Release|Any CPU
	EndGlobalSection
	GlobalSection(ProjectConfigurationPlatforms) = postSolution
		{2A01AD8C-66BD-4D93-BF50-329819C489CB}.Debug|Any CPU.ActiveCfg = Debug|Any CPU
		{2A01AD8C-66BD-4D93-BF50-329819C489CB}.Debug|Any CPU.Build.0 = Debug|Any CPU
		{2A01AD8C-66BD-4D93-BF50-329819C489CB}.Release|Any CPU.ActiveCfg = Release|Any CPU
		{2A01AD8C-66BD-4D93-BF50-329819C489CB}.Release|Any CPU.Build.0 = Release|Any CPU
		{17C3ADF5-13A3-4A1A-8CE0-364CB1CA8A1E}.Debug|Any CPU.ActiveCfg = Debug|Any CPU
		{17C3ADF5-13A3-4A1A-8CE0-364CB1CA8A1E}.Debug|Any CPU.Build.0 = Debug|Any CPU
		{17C3ADF5-13A3-4A1A-8CE0-364CB1CA8A1E}.Release|Any CPU.ActiveCfg = Release|Any CPU
		{17C3ADF5-13A3-4A1A-8CE0-364CB1CA8A1E}.Release|Any CPU.Build.0 = Release|Any CPU
	EndGlobalSection
	GlobalSection(SolutionProperties) = preSolution
		HideSolutionNode = FALSE
	EndGlobalSection
	GlobalSection(ExtensibilityGlobals) = postSolution
		SolutionGuid = {C1D6FA74-739F-4F1F-9C29-8629080A9619}
	EndGlobalSection
EndGlobal
